
Microsoft Visual Studio Solution File, Format Version 12.00
# Visual Studio 15
VisualStudioVersion = 15.0.27703.2018
MinimumVisualStudioVersion = 10.0.40219.1
Project("{FAE04EC0-301F-11D3-BF4B-00C04F79EFBC}") = "pwWeb", "pwWeb\pwWeb.csproj", "{7473F2E0-D810-418D-A8B0-AE692BABC23D}"
EndProject
Project("{FAE04EC0-301F-11D3-BF4B-00C04F79EFBC}") = "Facs", "Facs\Facs.csproj", "{0071A1F7-8788-43BC-A13B-0003A1896BA8}"
EndProject
Project("{FAE04EC0-301F-11D3-BF4B-00C04F79EFBC}") = "RS485", "RS485\RS485.csproj", "{336F93E9-83BA-492D-9DD7-8018BE8D05D9}"
EndProject
Global
	GlobalSection(SolutionConfigurationPlatforms) = preSolution
		Debug|Any CPU = Debug|Any CPU
		Release|Any CPU = Release|Any CPU
	EndGlobalSection
	GlobalSection(ProjectConfigurationPlatforms) = postSolution
		{7473F2E0-D810-418D-A8B0-AE692BABC23D}.Debug|Any CPU.ActiveCfg = Debug|Any CPU
		{7473F2E0-D810-418D-A8B0-AE692BABC23D}.Debug|Any CPU.Build.0 = Debug|Any CPU
		{7473F2E0-D810-418D-A8B0-AE692BABC23D}.Release|Any CPU.ActiveCfg = Release|Any CPU
		{7473F2E0-D810-418D-A8B0-AE692BABC23D}.Release|Any CPU.Build.0 = Release|Any CPU
		{0071A1F7-8788-43BC-A13B-0003A1896BA8}.Debug|Any CPU.ActiveCfg = Debug|Any CPU
		{0071A1F7-8788-43BC-A13B-0003A1896BA8}.Debug|Any CPU.Build.0 = Debug|Any CPU
		{0071A1F7-8788-43BC-A13B-0003A1896BA8}.Release|Any CPU.ActiveCfg = Release|Any CPU
		{0071A1F7-8788-43BC-A13B-0003A1896BA8}.Release|Any CPU.Build.0 = Release|Any CPU
		{336F93E9-83BA-492D-9DD7-8018BE8D05D9}.Debug|Any CPU.ActiveCfg = Debug|Any CPU
		{336F93E9-83BA-492D-9DD7-8018BE8D05D9}.Debug|Any CPU.Build.0 = Debug|Any CPU
		{336F93E9-83BA-492D-9DD7-8018BE8D05D9}.Release|Any CPU.ActiveCfg = Release|Any CPU
		{336F93E9-83BA-492D-9DD7-8018BE8D05D9}.Release|Any CPU.Build.0 = Release|Any CPU
	EndGlobalSection
	GlobalSection(SolutionProperties) = preSolution
		HideSolutionNode = FALSE
	EndGlobalSection
	GlobalSection(ExtensibilityGlobals) = postSolution
		SolutionGuid = {0E1DC52B-6CCB-42B3-ACA7-821F0050DE0B}
	EndGlobalSection
EndGlobal
